
Microsoft Visual Studio Solution File, Format Version 12.00
# Visual Studio Version 16
VisualStudioVersion = 16.0.31729.503
MinimumVisualStudioVersion = 10.0.40219.1
Project("{FAE04EC0-301F-11D3-BF4B-00C04F79EFBC}") = "Xcart", "Xcart.csproj", "{C2279F10-BF8B-4A50-9FF7-8026A5BEE32E}"
EndProject
Global
	GlobalSection(SolutionConfigurationPlatforms) = preSolution
		Debug|Any CPU = Debug|Any CPU
		Release|Any CPU = Release|Any CPU
	EndGlobalSection
	GlobalSection(ProjectConfigurationPlatforms) = postSolution
		{C2279F10-BF8B-4A50-9FF7-8026A5BEE32E}.Debug|Any CPU.ActiveCfg = Debug|Any CPU
		{C2279F10-BF8B-4A50-9FF7-8026A5BEE32E}.Debug|Any CPU.Build.0 = Debug|Any CPU
		{C2279F10-BF8B-4A50-9FF7-8026A5BEE32E}.Release|Any CPU.ActiveCfg = Release|Any CPU
		{C2279F10-BF8B-4A50-9FF7-8026A5BEE32E}.Release|Any CPU.Build.0 = Release|Any CPU
	EndGlobalSection
	GlobalSection(SolutionProperties) = preSolution
		HideSolutionNode = FALSE
	EndGlobalSection
	GlobalSection(ExtensibilityGlobals) = postSolution
		SolutionGuid = {C21AC864-C08F-4FA2-BD8F-9C595785A392}
	EndGlobalSection
EndGlobal
